{
    "_meta": {
        "hash": {
            "sha256": "c827b59fb96372a44e18470609973021f9668cf520ca8e1e47029f8b038bdc72"
        },
        "pipfile-spec": 6,
        "requires": {
            "python_version": "2.7"
        },
        "sources": [
            {
                "name": "pypi",
                "url": "https://pypi.org/simple",
                "verify_ssl": true
            }
        ]
    },
    "default": {
        "django": {
            "hashes": [
                "sha256:20111383869ad1b11400c94b0c19d4ab12975316cd058eabd17452e0546169b8",
                "sha256:372faee5b93c92f19e9d65f52b278a1b689d3e3b4a7d9d30db73a78ebc729770"
            ],
            "index": "pypi",
            "version": "==1.11.27"
        },
        "pytz": {
            "hashes": [
                "sha256:1c557d7d0e871de1f5ccd5833f60fb2550652da6be2693c1e02300743d21500d",
                "sha256:b02c06db6cf09c12dd25137e563b31700d3b80fcc4ad23abb7a315f2789819be"
            ],
            "version": "==2019.3"
        }
    },
    "develop": {}
}
